{
  "name": "@bildvitta/quasar-app-extension-asteroid",
  "version": "0.4.1",
  "lockfileVersion": 1,
  "requires": true,
  "dependencies": {
    "@bildvitta/quasar-ui-asteroid": {
      "version": "1.2.0",
      "resolved": "https://registry.npmjs.org/@bildvitta/quasar-ui-asteroid/-/quasar-ui-asteroid-1.2.0.tgz",
      "integrity": "sha512-1U/Fl1o+gBdpRAxoYnMc2UcxymOyX4Cq8jw9R8N0TV5ux+VVqrQgCckm+RjAaBumjYh/HcnQ2rFFtQCxX5DcBg==",
      "requires": {
        "@quasar/extras": "^1.9.14",
        "axios": "^0.21.1",
        "date-fns": "^2.16.1",
        "fuse.js": "^6.4.3",
        "humps": "^2.0.1",
        "lodash": "^4.17.20",
        "quasar": "^1.15.0",
        "sortablejs": "^1.12.0",
        "vue-router": "^3.4.9",
        "vuex": "^3.6.0"
      }
    },
    "@quasar/extras": {
      "version": "1.9.14",
      "resolved": "https://registry.npmjs.org/@quasar/extras/-/extras-1.9.14.tgz",
      "integrity": "sha512-8g2C0qsdKmaSbIR16C87yQbpY/pDubcZU6r69E9NuX/oNLhudWwg1kux9mdk3rlHHG4z7qty3i9+Dedampwt2A=="
    },
    "axios": {
      "version": "0.21.1",
      "resolved": "https://registry.npmjs.org/axios/-/axios-0.21.1.tgz",
      "integrity": "sha512-dKQiRHxGD9PPRIUNIWvZhPTPpl1rf/OxTYKsqKUDjBwYylTvV7SjSHJb9ratfyzM6wCdLCOYLzs73qpg5c4iGA==",
      "requires": {
        "follow-redirects": "^1.10.0"
      }
    },
    "date-fns": {
      "version": "2.16.1",
      "resolved": "https://registry.npmjs.org/date-fns/-/date-fns-2.16.1.tgz",
      "integrity": "sha512-sAJVKx/FqrLYHAQeN7VpJrPhagZc9R4ImZIWYRFZaaohR3KzmuK88touwsSwSVT8Qcbd4zoDsnGfX4GFB4imyQ=="
    },
    "follow-redirects": {
      "version": "1.13.2",
      "resolved": "https://registry.npmjs.org/follow-redirects/-/follow-redirects-1.13.2.tgz",
      "integrity": "sha512-6mPTgLxYm3r6Bkkg0vNM0HTjfGrOEtsfbhagQvbxDEsEkpNhw582upBaoRZylzen6krEmxXJgt9Ju6HiI4O7BA=="
    },
    "fuse.js": {
      "version": "6.4.6",
      "resolved": "https://registry.npmjs.org/fuse.js/-/fuse.js-6.4.6.tgz",
      "integrity": "sha512-/gYxR/0VpXmWSfZOIPS3rWwU8SHgsRTwWuXhyb2O6s7aRuVtHtxCkR33bNYu3wyLyNx/Wpv0vU7FZy8Vj53VNw=="
    },
    "humps": {
      "version": "2.0.1",
      "resolved": "https://registry.npmjs.org/humps/-/humps-2.0.1.tgz",
      "integrity": "sha1-3QLqYIG9BWjcXQcxhEY5V7qe+ao="
    },
    "lodash": {
      "version": "4.17.20",
      "resolved": "https://registry.npmjs.org/lodash/-/lodash-4.17.20.tgz",
      "integrity": "sha512-PlhdFcillOINfeV7Ni6oF1TAEayyZBoZ8bcshTHqOYJYlrqzRK5hagpagky5o4HfCzzd1TRkXPMFq6cKk9rGmA=="
    },
    "quasar": {
      "version": "1.15.1",
      "resolved": "https://registry.npmjs.org/quasar/-/quasar-1.15.1.tgz",
      "integrity": "sha512-yiqxAYh/Q56ryel3yLOLulY89m2kqqX38fFhNp/qZpMeHRezCDHceg3jRTKQwGvP2LS2bhJr+mEFVXa/5zKT5w=="
    },
    "sortablejs": {
      "version": "1.13.0",
      "resolved": "https://registry.npmjs.org/sortablejs/-/sortablejs-1.13.0.tgz",
      "integrity": "sha512-RBJirPY0spWCrU5yCmWM1eFs/XgX2J5c6b275/YyxFRgnzPhKl/TDeU2hNR8Dt7ITq66NRPM4UlOt+e5O4CFHg=="
    },
    "vue-router": {
      "version": "3.5.1",
      "resolved": "https://registry.npmjs.org/vue-router/-/vue-router-3.5.1.tgz",
      "integrity": "sha512-RRQNLT8Mzr8z7eL4p7BtKvRaTSGdCbTy2+Mm5HTJvLGYSSeG9gDzNasJPP/yOYKLy+/cLG/ftrqq5fvkFwBJEw=="
    },
    "vuex": {
      "version": "3.6.2",
      "resolved": "https://registry.npmjs.org/vuex/-/vuex-3.6.2.tgz",
      "integrity": "sha512-ETW44IqCgBpVomy520DT5jf8n0zoCac+sxWnn+hMe/CzaSejb/eVw2YToiXYX+Ex/AuHHia28vWTq4goAexFbw=="
    }
  }
}
